// !$*UTF8*$!
{
	archiveVersion = 1;
	classes = {
	};
	objectVersion = 46;
	objects = {

/* Begin PBXBuildFile section */
		161BAA961DB0D48E00870975 /* AppDelegate.swift in Sources */ = {isa = PBXBuildFile; fileRef = 161BAA951DB0D48E00870975 /* AppDelegate.swift */; };
		161BAA981DB0D48E00870975 /* ViewController.swift in Sources */ = {isa = PBXBuildFile; fileRef = 161BAA971DB0D48E00870975 /* ViewController.swift */; };
		161BAA9B1DB0D48E00870975 /* Main.storyboard in Resources */ = {isa = PBXBuildFile; fileRef = 161BAA991DB0D48E00870975 /* Main.storyboard */; };
		161BAA9D1DB0D48E00870975 /* Assets.xcassets in Resources */ = {isa = PBXBuildFile; fileRef = 161BAA9C1DB0D48E00870975 /* Assets.xcassets */; };
		161BAAA01DB0D48E00870975 /* LaunchScreen.storyboard in Resources */ = {isa = PBXBuildFile; fileRef = 161BAA9E1DB0D48E00870975 /* LaunchScreen.storyboard */; };
		161BAAAB1DB0D48F00870975 /* DE_WaterWaveEffectTests.swift in Sources */ = {isa = PBXBuildFile; fileRef = 161BAAAA1DB0D48F00870975 /* DE_WaterWaveEffectTests.swift */; };
		161BAAB61DB0D48F00870975 /* DE_WaterWaveEffectUITests.swift in Sources */ = {isa = PBXBuildFile; fileRef = 161BAAB51DB0D48F00870975 /* DE_WaterWaveEffectUITests.swift */; };
		16681DD91DB0DF8E00D54B90 /* WaterWaveEffectView.swift in Sources */ = {isa = PBXBuildFile; fileRef = 16681DD81DB0DF8E00D54B90 /* WaterWaveEffectView.swift */; };
/* End PBXBuildFile section */

/* Begin PBXContainerItemProxy section */
		161BAAA71DB0D48F00870975 /* PBXContainerItemProxy */ = {
			isa = PBXContainerItemProxy;
			containerPortal = 161BAA8A1DB0D48E00870975 /* Project object */;
			proxyType = 1;
			remoteGlobalIDString = 161BAA911DB0D48E00870975;
			remoteInfo = DE_WaterWaveEffect;
		};
		161BAAB21DB0D48F00870975 /* PBXContainerItemProxy */ = {
			isa = PBXContainerItemProxy;
			containerPortal = 161BAA8A1DB0D48E00870975 /* Project object */;
			proxyType = 1;
			remoteGlobalIDString = 161BAA911DB0D48E00870975;
			remoteInfo = DE_WaterWaveEffect;
		};
/* End PBXContainerItemProxy section */

/* Begin PBXFileReference section */
		161BAA921DB0D48E00870975 /* DE_WaterWaveEffect.app */ = {isa = PBXFileReference; explicitFileType = wrapper.application; includeInIndex = 0; path = DE_WaterWaveEffect.app; sourceTree = BUILT_PRODUCTS_DIR; };
		161BAA951DB0D48E00870975 /* AppDelegate.swift */ = {isa = PBXFileReference; lastKnownFileType = sourcecode.swift; path = AppDelegate.swift; sourceTree = "<group>"; };
		161BAA971DB0D48E00870975 /* ViewController.swift */ = {isa = PBXFileReference; lastKnownFileType = sourcecode.swift; path = ViewController.swift; sourceTree = "<group>"; };
		161BAA9A1DB0D48E00870975 /* Base */ = {isa = PBXFileReference; lastKnownFileType = file.storyboard; name = Base; path = Base.lproj/Main.storyboard; sourceTree = "<group>"; };
		161BAA9C1DB0D48E00870975 /* Assets.xcassets */ = {isa = PBXFileReference; lastKnownFileType = folder.assetcatalog; path = Assets.xcassets; sourceTree = "<group>"; };
		161BAA9F1DB0D48E00870975 /* Base */ = {isa = PBXFileReference; lastKnownFileType = file.storyboard; name = Base; path = Base.lproj/LaunchScreen.storyboard; sourceTree = "<group>"; };
		161BAAA11DB0D48E00870975 /* Info.plist */ = {isa = PBXFileReference; lastKnownFileType = text.plist.xml; path = Info.plist; sourceTree = "<group>"; };
		161BAAA61DB0D48F00870975 /* DE_WaterWaveEffectTests.xctest */ = {isa = PBXFileReference; explicitFileType = wrapper.cfbundle; includeInIndex = 0; path = DE_WaterWaveEffectTests.xctest; sourceTree = BUILT_PRODUCTS_DIR; };
		161BAAAA1DB0D48F00870975 /* DE_WaterWaveEffectTests.swift */ = {isa = PBXFileReference; lastKnownFileType = sourcecode.swift; path = DE_WaterWaveEffectTests.swift; sourceTree = "<group>"; };
		161BAAAC1DB0D48F00870975 /* Info.plist */ = {isa = PBXFileReference; lastKnownFileType = text.plist.xml; path = Info.plist; sourceTree = "<group>"; };
		161BAAB11DB0D48F00870975 /* DE_WaterWaveEffectUITests.xctest */ = {isa = PBXFileReference; explicitFileType = wrapper.cfbundle; includeInIndex = 0; path = DE_WaterWaveEffectUITests.xctest; sourceTree = BUILT_PRODUCTS_DIR; };
		161BAAB51DB0D48F00870975 /* DE_WaterWaveEffectUITests.swift */ = {isa = PBXFileReference; lastKnownFileType = sourcecode.swift; path = DE_WaterWaveEffectUITests.swift; sourceTree = "<group>"; };
		161BAAB71DB0D48F00870975 /* Info.plist */ = {isa = PBXFileReference; lastKnownFileType = text.plist.xml; path = Info.plist; sourceTree = "<group>"; };
		161BAAC31DB0D51B00870975 /* MyPlayground.playground */ = {isa = PBXFileReference; lastKnownFileType = file.playground; path = MyPlayground.playground; sourceTree = "<group>"; };
		16681DD81DB0DF8E00D54B90 /* WaterWaveEffectView.swift */ = {isa = PBXFileReference; fileEncoding = 4; lastKnownFileType = sourcecode.swift; path = WaterWaveEffectView.swift; sourceTree = "<group>"; };
/* End PBXFileReference section */

/* Begin PBXFrameworksBuildPhase section */
		161BAA8F1DB0D48E00870975 /* Frameworks */ = {
			isa = PBXFrameworksBuildPhase;
			buildActionMask = 2147483647;
			files = (
			);
			runOnlyForDeploymentPostprocessing = 0;
		};
		161BAAA31DB0D48F00870975 /* Frameworks */ = {
			isa = PBXFrameworksBuildPhase;
			buildActionMask = 2147483647;
			files = (
			);
			runOnlyForDeploymentPostprocessing = 0;
		};
		161BAAAE1DB0D48F00870975 /* Frameworks */ = {
			isa = PBXFrameworksBuildPhase;
			buildActionMask = 2147483647;
			files = (
			);
			runOnlyForDeploymentPostprocessing = 0;
		};
/* End PBXFrameworksBuildPhase section */

/* Begin PBXGroup section */
		161BAA891DB0D48E00870975 = {
			isa = PBXGroup;
			children = (
				161BAA941DB0D48E00870975 /* DE_WaterWaveEffect */,
				161BAAA91DB0D48F00870975 /* DE_WaterWaveEffectTests */,
				161BAAB41DB0D48F00870975 /* DE_WaterWaveEffectUITests */,
				161BAA931DB0D48E00870975 /* Products */,
			);
			sourceTree = "<group>";
		};
		161BAA931DB0D48E00870975 /* Products */ = {
			isa = PBXGroup;
			children = (
				161BAA921DB0D48E00870975 /* DE_WaterWaveEffect.app */,
				161BAAA61DB0D48F00870975 /* DE_WaterWaveEffectTests.xctest */,
				161BAAB11DB0D48F00870975 /* DE_WaterWaveEffectUITests.xctest */,
			);
			name = Products;
			sourceTree = "<group>";
		};
		161BAA941DB0D48E00870975 /* DE_WaterWaveEffect */ = {
			isa = PBXGroup;
			children = (
				161BAA951DB0D48E00870975 /* AppDelegate.swift */,
				161BAA971DB0D48E00870975 /* ViewController.swift */,
				161BAA991DB0D48E00870975 /* Main.storyboard */,
				161BAA9C1DB0D48E00870975 /* Assets.xcassets */,
				161BAA9E1DB0D48E00870975 /* LaunchScreen.storyboard */,
				161BAAA11DB0D48E00870975 /* Info.plist */,
				161BAAC31DB0D51B00870975 /* MyPlayground.playground */,
				16681DD81DB0DF8E00D54B90 /* WaterWaveEffectView.swift */,
			);
			path = DE_WaterWaveEffect;
			sourceTree = "<group>";
		};
		161BAAA91DB0D48F00870975 /* DE_WaterWaveEffectTests */ = {
			isa = PBXGroup;
			children = (
				161BAAAA1DB0D48F00870975 /* DE_WaterWaveEffectTests.swift */,
				161BAAAC1DB0D48F00870975 /* Info.plist */,
			);
			path = DE_WaterWaveEffectTests;
			sourceTree = "<group>";
		};
		161BAAB41DB0D48F00870975 /* DE_WaterWaveEffectUITests */ = {
			isa = PBXGroup;
			children = (
				161BAAB51DB0D48F00870975 /* DE_WaterWaveEffectUITests.swift */,
				161BAAB71DB0D48F00870975 /* Info.plist */,
			);
			path = DE_WaterWaveEffectUITests;
			sourceTree = "<group>";
		};
/* End PBXGroup section */

/* Begin PBXNativeTarget section */
		161BAA911DB0D48E00870975 /* DE_WaterWaveEffect */ = {
			isa = PBXNativeTarget;
			buildConfigurationList = 161BAABA1DB0D48F00870975 /* Build configuration list for PBXNativeTarget "DE_WaterWaveEffect" */;
			buildPhases = (
				161BAA8E1DB0D48E00870975 /* Sources */,
				161BAA8F1DB0D48E00870975 /* Frameworks */,
				161BAA901DB0D48E00870975 /* Resources */,
			);
			buildRules = (
			);
			dependencies = (
			);
			name = DE_WaterWaveEffect;
			productName = DE_WaterWaveEffect;
			productReference = 161BAA921DB0D48E00870975 /* DE_WaterWaveEffect.app */;
			productType = "com.apple.product-type.application";
		};
		161BAAA51DB0D48F00870975 /* DE_WaterWaveEffectTests */ = {
			isa = PBXNativeTarget;
			buildConfigurationList = 161BAABD1DB0D48F00870975 /* Build configuration list for PBXNativeTarget "DE_WaterWaveEffectTests" */;
			buildPhases = (
				161BAAA21DB0D48F00870975 /* Sources */,
				161BAAA31DB0D48F00870975 /* Frameworks */,
				161BAAA41DB0D48F00870975 /* Resources */,
			);
			buildRules = (
			);
			dependencies = (
				161BAAA81DB0D48F00870975 /* PBXTargetDependency */,
			);
			name = DE_WaterWaveEffectTests;
			productName = DE_WaterWaveEffectTests;
			productReference = 161BAAA61DB0D48F00870975 /* DE_WaterWaveEffectTests.xctest */;
			productType = "com.apple.product-type.bundle.unit-test";
		};
		161BAAB01DB0D48F00870975 /* DE_WaterWaveEffectUITests */ = {
			isa = PBXNativeTarget;
			buildConfigurationList = 161BAAC01DB0D48F00870975 /* Build configuration list for PBXNativeTarget "DE_WaterWaveEffectUITests" */;
			buildPhases = (
				161BAAAD1DB0D48F00870975 /* Sources */,
				161BAAAE1DB0D48F00870975 /* Frameworks */,
				161BAAAF1DB0D48F00870975 /* Resources */,
			);
			buildRules = (
			);
			dependencies = (
				161BAAB31DB0D48F00870975 /* PBXTargetDependency */,
			);
			name = DE_WaterWaveEffectUITests;
			productName = DE_WaterWaveEffectUITests;
			productReference = 161BAAB11DB0D48F00870975 /* DE_WaterWaveEffectUITests.xctest */;
			productType = "com.apple.product-type.bundle.ui-testing";
		};
/* End PBXNativeTarget section */

/* Begin PBXProject section */
		161BAA8A1DB0D48E00870975 /* Project object */ = {
			isa = PBXProject;
			attributes = {
				LastSwiftUpdateCheck = 0800;
				LastUpgradeCheck = 0800;
				ORGANIZATIONNAME = DDDrop;
				TargetAttributes = {
					161BAA911DB0D48E00870975 = {
						CreatedOnToolsVersion = 8.0;
						DevelopmentTeam = 6T6RVC929A;
						ProvisioningStyle = Automatic;
					};
					161BAAA51DB0D48F00870975 = {
						CreatedOnToolsVersion = 8.0;
						DevelopmentTeam = 6T6RVC929A;
						ProvisioningStyle = Automatic;
						TestTargetID = 161BAA911DB0D48E00870975;
					};
					161BAAB01DB0D48F00870975 = {
						CreatedOnToolsVersion = 8.0;
						DevelopmentTeam = 6T6RVC929A;
						ProvisioningStyle = Automatic;
						TestTargetID = 161BAA911DB0D48E00870975;
					};
				};
			};
			buildConfigurationList = 161BAA8D1DB0D48E00870975 /* Build configuration list for PBXProject "DE_WaterWaveEffect" */;
			compatibilityVersion = "Xcode 3.2";
			developmentRegion = English;
			hasScannedForEncodings = 0;
			knownRegions = (
				en,
				Base,
			);
			mainGroup = 161BAA891DB0D48E00870975;
			productRefGroup = 161BAA931DB0D48E00870975 /* Products */;
			projectDirPath = "";
			projectRoot = "";
			targets = (
				161BAA911DB0D48E00870975 /* DE_WaterWaveEffect */,
				161BAAA51DB0D48F00870975 /* DE_WaterWaveEffectTests */,
				161BAAB01DB0D48F00870975 /* DE_WaterWaveEffectUITests */,
			);
		};
/* End PBXProject section */

/* Begin PBXResourcesBuildPhase section */
		161BAA901DB0D48E00870975 /* Resources */ = {
			isa = PBXResourcesBuildPhase;
			buildActionMask = 2147483647;
			files = (
				161BAAA01DB0D48E00870975 /* LaunchScreen.storyboard in Resources */,
				161BAA9D1DB0D48E00870975 /* Assets.xcassets in Resources */,
				161BAA9B1DB0D48E00870975 /* Main.storyboard in Resources */,
			);
			runOnlyForDeploymentPostprocessing = 0;
		};
		161BAAA41DB0D48F00870975 /* Resources */ = {
			isa = PBXResourcesBuildPhase;
			buildActionMask = 2147483647;
			files = (
			);
			runOnlyForDeploymentPostprocessing = 0;
		};
		161BAAAF1DB0D48F00870975 /* Resources */ = {
			isa = PBXResourcesBuildPhase;
			buildActionMask = 2147483647;
			files = (
			);
			runOnlyForDeploymentPostprocessing = 0;
		};
/* End PBXResourcesBuildPhase section */

/* Begin PBXSourcesBuildPhase section */
		161BAA8E1DB0D48E00870975 /* Sources */ = {
			isa = PBXSourcesBuildPhase;
			buildActionMask = 2147483647;
			files = (
				16681DD91DB0DF8E00D54B90 /* WaterWaveEffectView.swift in Sources */,
				161BAA981DB0D48E00870975 /* ViewController.swift in Sources */,
				161BAA961DB0D48E00870975 /* AppDelegate.swift in Sources */,
			);
			runOnlyForDeploymentPostprocessing = 0;
		};
		161BAAA21DB0D48F00870975 /* Sources */ = {
			isa = PBXSourcesBuildPhase;
			buildActionMask = 2147483647;
			files = (
				161BAAAB1DB0D48F00870975 /* DE_WaterWaveEffectTests.swift in Sources */,
			);
			runOnlyForDeploymentPostprocessing = 0;
		};
		161BAAAD1DB0D48F00870975 /* Sources */ = {
			isa = PBXSourcesBuildPhase;
			buildActionMask = 2147483647;
			files = (
				161BAAB61DB0D48F00870975 /* DE_WaterWaveEffectUITests.swift in Sources */,
			);
			runOnlyForDeploymentPostprocessing = 0;
		};
/* End PBXSourcesBuildPhase section */

/* Begin PBXTargetDependency section */
		161BAAA81DB0D48F00870975 /* PBXTargetDependency */ = {
			isa = PBXTargetDependency;
			target = 161BAA911DB0D48E00870975 /* DE_WaterWaveEffect */;
			targetProxy = 161BAAA71DB0D48F00870975 /* PBXContainerItemProxy */;
		};
		161BAAB31DB0D48F00870975 /* PBXTargetDependency */ = {
			isa = PBXTargetDependency;
			target = 161BAA911DB0D48E00870975 /* DE_WaterWaveEffect */;
			targetProxy = 161BAAB21DB0D48F00870975 /* PBXContainerItemProxy */;
		};
/* End PBXTargetDependency section */

/* Begin PBXVariantGroup section */
		161BAA991DB0D48E00870975 /* Main.storyboard */ = {
			isa = PBXVariantGroup;
			children = (
				161BAA9A1DB0D48E00870975 /* Base */,
			);
			name = Main.storyboard;
			sourceTree = "<group>";
		};
		161BAA9E1DB0D48E00870975 /* LaunchScreen.storyboard */ = {
			isa = PBXVariantGroup;
			children = (
				161BAA9F1DB0D48E00870975 /* Base */,
			);
			name = LaunchScreen.storyboard;
			sourceTree = "<group>";
		};
/* End PBXVariantGroup section */

/* Begin XCBuildConfiguration section */
		161BAAB81DB0D48F00870975 /* Debug */ = {
			isa = XCBuildConfiguration;
			buildSettings = {
				ALWAYS_SEARCH_USER_PATHS = NO;
				CLANG_ANALYZER_NONNULL = YES;
				CLANG_CXX_LANGUAGE_STANDARD = "gnu++0x";
				CLANG_CXX_LIBRARY = "libc++";
				CLANG_ENABLE_MODULES = YES;
				CLANG_ENABLE_OBJC_ARC = YES;
				CLANG_WARN_BOOL_CONVERSION = YES;
				CLANG_WARN_CONSTANT_CONVERSION = YES;
				CLANG_WARN_DIRECT_OBJC_ISA_USAGE = YES_ERROR;
				CLANG_WARN_DOCUMENTATION_COMMENTS = YES;
				CLANG_WARN_EMPTY_BODY = YES;
				CLANG_WARN_ENUM_CONVERSION = YES;
				CLANG_WARN_INFINITE_RECURSION = YES;
				CLANG_WARN_INT_CONVERSION = YES;
				CLANG_WARN_OBJC_ROOT_CLASS = YES_ERROR;
				CLANG_WARN_SUSPICIOUS_MOVES = YES;
				CLANG_WARN_UNREACHABLE_CODE = YES;
				CLANG_WARN__DUPLICATE_METHOD_MATCH = YES;
				"CODE_SIGN_IDENTITY[sdk=iphoneos*]" = "iPhone Developer";
				COPY_PHASE_STRIP = NO;
				DEBUG_INFORMATION_FORMAT = dwarf;
				ENABLE_STRICT_OBJC_MSGSEND = YES;
				ENABLE_TESTABILITY = YES;
				GCC_C_LANGUAGE_STANDARD = gnu99;
				GCC_DYNAMIC_NO_PIC = NO;
				GCC_NO_COMMON_BLOCKS = YES;
				GCC_OPTIMIZATION_LEVEL = 0;
				GCC_PREPROCESSOR_DEFINITIONS = (
					"DEBUG=1",
					"$(inherited)",
				);
				GCC_WARN_64_TO_32_BIT_CONVERSION = YES;
				GCC_WARN_ABOUT_RETURN_TYPE = YES_ERROR;
				GCC_WARN_UNDECLARED_SELECTOR = YES;
				GCC_WARN_UNINITIALIZED_AUTOS = YES_AGGRESSIVE;
				GCC_WARN_UNUSED_FUNCTION = YES;
				GCC_WARN_UNUSED_VARIABLE = YES;
				IPHONEOS_DEPLOYMENT_TARGET = 10.0;
				MTL_ENABLE_DEBUG_INFO = YES;
				ONLY_ACTIVE_ARCH = YES;
				SDKROOT = iphoneos;
				SWIFT_ACTIVE_COMPILATION_CONDITIONS = DEBUG;
				SWIFT_OPTIMIZATION_LEVEL = "-Onone";
				TARGETED_DEVICE_FAMILY = "1,2";
			};
			name = Debug;
		};
		161BAAB91DB0D48F00870975 /* Release */ = {
			isa = XCBuildConfiguration;
			buildSettings = {
				ALWAYS_SEARCH_USER_PATHS = NO;
				CLANG_ANALYZER_NONNULL = YES;
				CLANG_CXX_LANGUAGE_STANDARD = "gnu++0x";
				CLANG_CXX_LIBRARY = "libc++";
				CLANG_ENABLE_MODULES = YES;
				CLANG_ENABLE_OBJC_ARC = YES;
				CLANG_WARN_BOOL_CONVERSION = YES;
				CLANG_WARN_CONSTANT_CONVERSION = YES;
				CLANG_WARN_DIRECT_OBJC_ISA_USAGE = YES_ERROR;
				CLANG_WARN_DOCUMENTATION_COMMENTS = YES;
				CLANG_WARN_EMPTY_BODY = YES;
				CLANG_WARN_ENUM_CONVERSION = YES;
				CLANG_WARN_INFINITE_RECURSION = YES;
				CLANG_WARN_INT_CONVERSION = YES;
				CLANG_WARN_OBJC_ROOT_CLASS = YES_ERROR;
				CLANG_WARN_SUSPICIOUS_MOVES = YES;
				CLANG_WARN_UNREACHABLE_CODE = YES;
				CLANG_WARN__DUPLICATE_METHOD_MATCH = YES;
				"CODE_SIGN_IDENTITY[sdk=iphoneos*]" = "iPhone Developer";
				COPY_PHASE_STRIP = NO;
				DEBUG_INFORMATION_FORMAT = "dwarf-with-dsym";
				ENABLE_NS_ASSERTIONS = NO;
				ENABLE_STRICT_OBJC_MSGSEND = YES;
				GCC_C_LANGUAGE_STANDARD = gnu99;
				GCC_NO_COMMON_BLOCKS = YES;
				GCC_WARN_64_TO_32_BIT_CONVERSION = YES;
				GCC_WARN_ABOUT_RETURN_TYPE = YES_ERROR;
				GCC_WARN_UNDECLARED_SELECTOR = YES;
				GCC_WARN_UNINITIALIZED_AUTOS = YES_AGGRESSIVE;
				GCC_WARN_UNUSED_FUNCTION = YES;
				GCC_WARN_UNUSED_VARIABLE = YES;
				IPHONEOS_DEPLOYMENT_TARGET = 10.0;
				MTL_ENABLE_DEBUG_INFO = NO;
				SDKROOT = iphoneos;
				SWIFT_OPTIMIZATION_LEVEL = "-Owholemodule";
				TARGETED_DEVICE_FAMILY = "1,2";
				VALIDATE_PRODUCT = YES;
			};
			name = Release;
		};
		161BAABB1DB0D48F00870975 /* Debug */ = {
			isa = XCBuildConfiguration;
			buildSettings = {
				ASSETCATALOG_COMPILER_APPICON_NAME = AppIcon;
				DEVELOPMENT_TEAM = 6T6RVC929A;
				INFOPLIST_FILE = DE_WaterWaveEffect/Info.plist;
				LD_RUNPATH_SEARCH_PATHS = "$(inherited) @executable_path/Frameworks";
				PRODUCT_BUNDLE_IDENTIFIER = "com.byaji.DE-WaterWaveEffect";
				PRODUCT_NAME = "$(TARGET_NAME)";
				SWIFT_VERSION = 3.0;
			};
			name = Debug;
		};
		161BAABC1DB0D48F00870975 /* Release */ = {
			isa = XCBuildConfiguration;
			buildSettings = {
				ASSETCATALOG_COMPILER_APPICON_NAME = AppIcon;
				DEVELOPMENT_TEAM = 6T6RVC929A;
				INFOPLIST_FILE = DE_WaterWaveEffect/Info.plist;
				LD_RUNPATH_SEARCH_PATHS = "$(inherited) @executable_path/Frameworks";
				PRODUCT_BUNDLE_IDENTIFIER = "com.byaji.DE-WaterWaveEffect";
				PRODUCT_NAME = "$(TARGET_NAME)";
				SWIFT_VERSION = 3.0;
			};
			name = Release;
		};
		161BAABE1DB0D48F00870975 /* Debug */ = {
			isa = XCBuildConfiguration;
			buildSettings = {
				ALWAYS_EMBED_SWIFT_STANDARD_LIBRARIES = YES;
				BUNDLE_LOADER = "$(TEST_HOST)";
				DEVELOPMENT_TEAM = 6T6RVC929A;
				INFOPLIST_FILE = DE_WaterWaveEffectTests/Info.plist;
				LD_RUNPATH_SEARCH_PATHS = "$(inherited) @executable_path/Frameworks @loader_path/Frameworks";
				PRODUCT_BUNDLE_IDENTIFIER = "com.byaji.DE-WaterWaveEffectTests";
				PRODUCT_NAME = "$(TARGET_NAME)";
				SWIFT_VERSION = 3.0;
				TEST_HOST = "$(BUILT_PRODUCTS_DIR)/DE_WaterWaveEffect.app/DE_WaterWaveEffect";
			};
			name = Debug;
		};
		161BAABF1DB0D48F00870975 /* Release */ = {
			isa = XCBuildConfiguration;
			buildSettings = {
				ALWAYS_EMBED_SWIFT_STANDARD_LIBRARIES = YES;
				BUNDLE_LOADER = "$(TEST_HOST)";
				DEVELOPMENT_TEAM = 6T6RVC929A;
				INFOPLIST_FILE = DE_WaterWaveEffectTests/Info.plist;
				LD_RUNPATH_SEARCH_PATHS = "$(inherited) @executable_path/Frameworks @loader_path/Frameworks";
				PRODUCT_BUNDLE_IDENTIFIER = "com.byaji.DE-WaterWaveEffectTests";
				PRODUCT_NAME = "$(TARGET_NAME)";
				SWIFT_VERSION = 3.0;
				TEST_HOST = "$(BUILT_PRODUCTS_DIR)/DE_WaterWaveEffect.app/DE_WaterWaveEffect";
			};
			name = Release;
		};
		161BAAC11DB0D48F00870975 /* Debug */ = {
			isa = XCBuildConfiguration;
			buildSettings = {
				ALWAYS_EMBED_SWIFT_STANDARD_LIBRARIES = YES;
				DEVELOPMENT_TEAM = 6T6RVC929A;
				INFOPLIST_FILE = DE_WaterWaveEffectUITests/Info.plist;
				LD_RUNPATH_SEARCH_PATHS = "$(inherited) @executable_path/Frameworks @loader_path/Frameworks";
				PRODUCT_BUNDLE_IDENTIFIER = "com.byaji.DE-WaterWaveEffectUITests";
				PRODUCT_NAME = "$(TARGET_NAME)";
				SWIFT_VERSION = 3.0;
				TEST_TARGET_NAME = DE_WaterWaveEffect;
			};
			name = Debug;
		};
		161BAAC21DB0D48F00870975 /* Release */ = {
			isa = XCBuildConfiguration;
			buildSettings = {
				ALWAYS_EMBED_SWIFT_STANDARD_LIBRARIES = YES;
				DEVELOPMENT_TEAM = 6T6RVC929A;
				INFOPLIST_FILE = DE_WaterWaveEffectUITests/Info.plist;
				LD_RUNPATH_SEARCH_PATHS = "$(inherited) @executable_path/Frameworks @loader_path/Frameworks";
				PRODUCT_BUNDLE_IDENTIFIER = "com.byaji.DE-WaterWaveEffectUITests";
				PRODUCT_NAME = "$(TARGET_NAME)";
				SWIFT_VERSION = 3.0;
				TEST_TARGET_NAME = DE_WaterWaveEffect;
			};
			name = Release;
		};
/* End XCBuildConfiguration section */

/* Begin XCConfigurationList section */
		161BAA8D1DB0D48E00870975 /* Build configuration list for PBXProject "DE_WaterWaveEffect" */ = {
			isa = XCConfigurationList;
			buildConfigurations = (
				161BAAB81DB0D48F00870975 /* Debug */,
				161BAAB91DB0D48F00870975 /* Release */,
			);
			defaultConfigurationIsVisible = 0;
			defaultConfigurationName = Release;
		};
		161BAABA1DB0D48F00870975 /* Build configuration list for PBXNativeTarget "DE_WaterWaveEffect" */ = {
			isa = XCConfigurationList;
			buildConfigurations = (
				161BAABB1DB0D48F00870975 /* Debug */,
				161BAABC1DB0D48F00870975 /* Release */,
			);
			defaultConfigurationIsVisible = 0;
			defaultConfigurationName = Release;
		};
		161BAABD1DB0D48F00870975 /* Build configuration list for PBXNativeTarget "DE_WaterWaveEffectTests" */ = {
			isa = XCConfigurationList;
			buildConfigurations = (
				161BAABE1DB0D48F00870975 /* Debug */,
				161BAABF1DB0D48F00870975 /* Release */,
			);
			defaultConfigurationIsVisible = 0;
			defaultConfigurationName = Release;
		};
		161BAAC01DB0D48F00870975 /* Build configuration list for PBXNativeTarget "DE_WaterWaveEffectUITests" */ = {
			isa = XCConfigurationList;
			buildConfigurations = (
				161BAAC11DB0D48F00870975 /* Debug */,
				161BAAC21DB0D48F00870975 /* Release */,
			);
			defaultConfigurationIsVisible = 0;
			defaultConfigurationName = Release;
		};
/* End XCConfigurationList section */
	};
	rootObject = 161BAA8A1DB0D48E00870975 /* Project object */;
}
